<Solution>
  <Folder Name="/src/">
    <Project Path="UsersApp.Application/UsersApp.Application.csproj" Id="78f9a7dc-a8ec-4780-91ce-c2dc885fe6a0" />
    <Project Path="UsersApp.Domain/UsersApp.Domain.csproj" Id="6ec3e2d9-343c-4fce-8863-1dcc4c9f19e8" />
  </Folder>
  <Folder Name="/test/" />
</Solution>
